
Microsoft Visual Studio Solution File, Format Version 12.00
# Visual Studio 15
VisualStudioVersion = 15.0.28307.1145
MinimumVisualStudioVersion = 10.0.40219.1
Project("{FAE04EC0-301F-11D3-BF4B-00C04F79EFBC}") = "MoyuBook", "MoyuBook.csproj", "{69E2F5EA-ED47-4064-A3DD-F1531949A1A7}"
EndProject
Global
	GlobalSection(SolutionConfigurationPlatforms) = preSolution
		Debug|Any CPU = Debug|Any CPU
		Release|Any CPU = Release|Any CPU
	EndGlobalSection
	GlobalSection(ProjectConfigurationPlatforms) = postSolution
		{69E2F5EA-ED47-4064-A3DD-F1531949A1A7}.Debug|Any CPU.ActiveCfg = Debug|Any CPU
		{69E2F5EA-ED47-4064-A3DD-F1531949A1A7}.Debug|Any CPU.Build.0 = Debug|Any CPU
		{69E2F5EA-ED47-4064-A3DD-F1531949A1A7}.Release|Any CPU.ActiveCfg = Release|Any CPU
		{69E2F5EA-ED47-4064-A3DD-F1531949A1A7}.Release|Any CPU.Build.0 = Release|Any CPU
	EndGlobalSection
	GlobalSection(SolutionProperties) = preSolution
		HideSolutionNode = FALSE
	EndGlobalSection
	GlobalSection(ExtensibilityGlobals) = postSolution
		SolutionGuid = {32317895-1760-4702-A63F-51C77A274587}
	EndGlobalSection
EndGlobal
